
Microsoft Visual Studio Solution File, Format Version 11.00
# Visual Studio 2010
Project("{FAE04EC0-301F-11D3-BF4B-00C04F79EFBC}") = "GameAssembly", "GameAssembly.csproj", "{AA3D8C61-87F6-BAC5-CA53-07A73AC3C37E}"
EndProject
Project("{FAE04EC0-301F-11D3-BF4B-00C04F79EFBC}") = "Tests", "Tests.csproj", "{11F91020-A19D-A58F-356D-93EB410FA889}"
EndProject
Global
	GlobalSection(SolutionConfigurationPlatforms) = preSolution
		Debug|Any CPU = Debug|Any CPU
		Release|Any CPU = Release|Any CPU
	EndGlobalSection
	GlobalSection(ProjectConfigurationPlatforms) = postSolution
		{AA3D8C61-87F6-BAC5-CA53-07A73AC3C37E}.Debug|Any CPU.ActiveCfg = Debug|Any CPU
		{AA3D8C61-87F6-BAC5-CA53-07A73AC3C37E}.Debug|Any CPU.Build.0 = Debug|Any CPU
		{AA3D8C61-87F6-BAC5-CA53-07A73AC3C37E}.Release|Any CPU.ActiveCfg = Release|Any CPU
		{AA3D8C61-87F6-BAC5-CA53-07A73AC3C37E}.Release|Any CPU.Build.0 = Release|Any CPU
		{11F91020-A19D-A58F-356D-93EB410FA889}.Debug|Any CPU.ActiveCfg = Debug|Any CPU
		{11F91020-A19D-A58F-356D-93EB410FA889}.Debug|Any CPU.Build.0 = Debug|Any CPU
		{11F91020-A19D-A58F-356D-93EB410FA889}.Release|Any CPU.ActiveCfg = Release|Any CPU
		{11F91020-A19D-A58F-356D-93EB410FA889}.Release|Any CPU.Build.0 = Release|Any CPU
	EndGlobalSection
	GlobalSection(SolutionProperties) = preSolution
		HideSolutionNode = FALSE
	EndGlobalSection
EndGlobal
